// !$*UTF8*$!
{
	archiveVersion = 1;
	classes = {
	};
	objectVersion = 51;
	objects = {

/* Begin PBXBuildFile section */
		4F15F1C77CE4216A20F6CC9F /* Pods_AnimatableDemo.framework in Frameworks */ = {isa = PBXBuildFile; fileRef = C82C0D03FDE866E3928F48E8 /* Pods_AnimatableDemo.framework */; };
		812B8E6425552E46002599ED /* SFJAlert.storyboard in Resources */ = {isa = PBXBuildFile; fileRef = 812B8E6325552E46002599ED /* SFJAlert.storyboard */; };
		814CD1A82553F00100A06526 /* AppDelegate.swift in Sources */ = {isa = PBXBuildFile; fileRef = 814CD1A72553F00100A06526 /* AppDelegate.swift */; };
		814CD1AA2553F00100A06526 /* SceneDelegate.swift in Sources */ = {isa = PBXBuildFile; fileRef = 814CD1A92553F00100A06526 /* SceneDelegate.swift */; };
		814CD1AC2553F00100A06526 /* ViewController.swift in Sources */ = {isa = PBXBuildFile; fileRef = 814CD1AB2553F00100A06526 /* ViewController.swift */; };
		814CD1AF2553F00100A06526 /* Main.storyboard in Resources */ = {isa = PBXBuildFile; fileRef = 814CD1AD2553F00100A06526 /* Main.storyboard */; };
		814CD1B12553F00300A06526 /* Assets.xcassets in Resources */ = {isa = PBXBuildFile; fileRef = 814CD1B02553F00300A06526 /* Assets.xcassets */; };
		814CD1B42553F00300A06526 /* LaunchScreen.storyboard in Resources */ = {isa = PBXBuildFile; fileRef = 814CD1B22553F00300A06526 /* LaunchScreen.storyboard */; };
		814CD1BF2553F00300A06526 /* AnimatableDemoTests.swift in Sources */ = {isa = PBXBuildFile; fileRef = 814CD1BE2553F00300A06526 /* AnimatableDemoTests.swift */; };
		814CD1CA2553F00300A06526 /* AnimatableDemoUITests.swift in Sources */ = {isa = PBXBuildFile; fileRef = 814CD1C92553F00300A06526 /* AnimatableDemoUITests.swift */; };
		814CD1F62553F23400A06526 /* SFJAlertController.swift in Sources */ = {isa = PBXBuildFile; fileRef = 814CD1F52553F23400A06526 /* SFJAlertController.swift */; };
/* End PBXBuildFile section */

/* Begin PBXContainerItemProxy section */
		814CD1BB2553F00300A06526 /* PBXContainerItemProxy */ = {
			isa = PBXContainerItemProxy;
			containerPortal = 814CD19C2553F00100A06526 /* Project object */;
			proxyType = 1;
			remoteGlobalIDString = 814CD1A32553F00100A06526;
			remoteInfo = AnimatableDemo;
		};
		814CD1C62553F00300A06526 /* PBXContainerItemProxy */ = {
			isa = PBXContainerItemProxy;
			containerPortal = 814CD19C2553F00100A06526 /* Project object */;
			proxyType = 1;
			remoteGlobalIDString = 814CD1A32553F00100A06526;
			remoteInfo = AnimatableDemo;
		};
/* End PBXContainerItemProxy section */

/* Begin PBXFileReference section */
		430EECEEAA56C7EB7AE9591B /* Pods-AnimatableDemo.release.xcconfig */ = {isa = PBXFileReference; includeInIndex = 1; lastKnownFileType = text.xcconfig; name = "Pods-AnimatableDemo.release.xcconfig"; path = "Target Support Files/Pods-AnimatableDemo/Pods-AnimatableDemo.release.xcconfig"; sourceTree = "<group>"; };
		812B8E6325552E46002599ED /* SFJAlert.storyboard */ = {isa = PBXFileReference; lastKnownFileType = file.storyboard; path = SFJAlert.storyboard; sourceTree = "<group>"; };
		814CD1A42553F00100A06526 /* AnimatableDemo.app */ = {isa = PBXFileReference; explicitFileType = wrapper.application; includeInIndex = 0; path = AnimatableDemo.app; sourceTree = BUILT_PRODUCTS_DIR; };
		814CD1A72553F00100A06526 /* AppDelegate.swift */ = {isa = PBXFileReference; lastKnownFileType = sourcecode.swift; path = AppDelegate.swift; sourceTree = "<group>"; };
		814CD1A92553F00100A06526 /* SceneDelegate.swift */ = {isa = PBXFileReference; lastKnownFileType = sourcecode.swift; path = SceneDelegate.swift; sourceTree = "<group>"; };
		814CD1AB2553F00100A06526 /* ViewController.swift */ = {isa = PBXFileReference; lastKnownFileType = sourcecode.swift; path = ViewController.swift; sourceTree = "<group>"; };
		814CD1AE2553F00100A06526 /* Base */ = {isa = PBXFileReference; lastKnownFileType = file.storyboard; name = Base; path = Base.lproj/Main.storyboard; sourceTree = "<group>"; };
		814CD1B02553F00300A06526 /* Assets.xcassets */ = {isa = PBXFileReference; lastKnownFileType = folder.assetcatalog; path = Assets.xcassets; sourceTree = "<group>"; };
		814CD1B32553F00300A06526 /* Base */ = {isa = PBXFileReference; lastKnownFileType = file.storyboard; name = Base; path = Base.lproj/LaunchScreen.storyboard; sourceTree = "<group>"; };
		814CD1B52553F00300A06526 /* Info.plist */ = {isa = PBXFileReference; lastKnownFileType = text.plist.xml; path = Info.plist; sourceTree = "<group>"; };
		814CD1BA2553F00300A06526 /* AnimatableDemoTests.xctest */ = {isa = PBXFileReference; explicitFileType = wrapper.cfbundle; includeInIndex = 0; path = AnimatableDemoTests.xctest; sourceTree = BUILT_PRODUCTS_DIR; };
		814CD1BE2553F00300A06526 /* AnimatableDemoTests.swift */ = {isa = PBXFileReference; lastKnownFileType = sourcecode.swift; path = AnimatableDemoTests.swift; sourceTree = "<group>"; };
		814CD1C02553F00300A06526 /* Info.plist */ = {isa = PBXFileReference; lastKnownFileType = text.plist.xml; path = Info.plist; sourceTree = "<group>"; };
		814CD1C52553F00300A06526 /* AnimatableDemoUITests.xctest */ = {isa = PBXFileReference; explicitFileType = wrapper.cfbundle; includeInIndex = 0; path = AnimatableDemoUITests.xctest; sourceTree = BUILT_PRODUCTS_DIR; };
		814CD1C92553F00300A06526 /* AnimatableDemoUITests.swift */ = {isa = PBXFileReference; lastKnownFileType = sourcecode.swift; path = AnimatableDemoUITests.swift; sourceTree = "<group>"; };
		814CD1CB2553F00300A06526 /* Info.plist */ = {isa = PBXFileReference; lastKnownFileType = text.plist.xml; path = Info.plist; sourceTree = "<group>"; };
		814CD1F52553F23400A06526 /* SFJAlertController.swift */ = {isa = PBXFileReference; lastKnownFileType = sourcecode.swift; path = SFJAlertController.swift; sourceTree = "<group>"; };
		B86D91B5D167701F5AA54985 /* Pods-AnimatableDemo.debug.xcconfig */ = {isa = PBXFileReference; includeInIndex = 1; lastKnownFileType = text.xcconfig; name = "Pods-AnimatableDemo.debug.xcconfig"; path = "Target Support Files/Pods-AnimatableDemo/Pods-AnimatableDemo.debug.xcconfig"; sourceTree = "<group>"; };
		C82C0D03FDE866E3928F48E8 /* Pods_AnimatableDemo.framework */ = {isa = PBXFileReference; explicitFileType = wrapper.framework; includeInIndex = 0; path = Pods_AnimatableDemo.framework; sourceTree = BUILT_PRODUCTS_DIR; };
/* End PBXFileReference section */

/* Begin PBXFrameworksBuildPhase section */
		814CD1A12553F00100A06526 /* Frameworks */ = {
			isa = PBXFrameworksBuildPhase;
			buildActionMask = 2147483647;
			files = (
				4F15F1C77CE4216A20F6CC9F /* Pods_AnimatableDemo.framework in Frameworks */,
			);
			runOnlyForDeploymentPostprocessing = 0;
		};
		814CD1B72553F00300A06526 /* Frameworks */ = {
			isa = PBXFrameworksBuildPhase;
			buildActionMask = 2147483647;
			files = (
			);
			runOnlyForDeploymentPostprocessing = 0;
		};
		814CD1C22553F00300A06526 /* Frameworks */ = {
			isa = PBXFrameworksBuildPhase;
			buildActionMask = 2147483647;
			files = (
			);
			runOnlyForDeploymentPostprocessing = 0;
		};
/* End PBXFrameworksBuildPhase section */

/* Begin PBXGroup section */
		52C4A5CD3866526E442713B4 /* Pods */ = {
			isa = PBXGroup;
			children = (
				B86D91B5D167701F5AA54985 /* Pods-AnimatableDemo.debug.xcconfig */,
				430EECEEAA56C7EB7AE9591B /* Pods-AnimatableDemo.release.xcconfig */,
			);
			path = Pods;
			sourceTree = "<group>";
		};
		814CD19B2553F00100A06526 = {
			isa = PBXGroup;
			children = (
				814CD1A62553F00100A06526 /* AnimatableDemo */,
				814CD1BD2553F00300A06526 /* AnimatableDemoTests */,
				814CD1C82553F00300A06526 /* AnimatableDemoUITests */,
				814CD1A52553F00100A06526 /* Products */,
				52C4A5CD3866526E442713B4 /* Pods */,
				C22ED3361EE302DF42D9EB8E /* Frameworks */,
			);
			sourceTree = "<group>";
		};
		814CD1A52553F00100A06526 /* Products */ = {
			isa = PBXGroup;
			children = (
				814CD1A42553F00100A06526 /* AnimatableDemo.app */,
				814CD1BA2553F00300A06526 /* AnimatableDemoTests.xctest */,
				814CD1C52553F00300A06526 /* AnimatableDemoUITests.xctest */,
			);
			name = Products;
			sourceTree = "<group>";
		};
		814CD1A62553F00100A06526 /* AnimatableDemo */ = {
			isa = PBXGroup;
			children = (
				814CD1A72553F00100A06526 /* AppDelegate.swift */,
				814CD1A92553F00100A06526 /* SceneDelegate.swift */,
				814CD1AB2553F00100A06526 /* ViewController.swift */,
				814CD1F52553F23400A06526 /* SFJAlertController.swift */,
				812B8E6325552E46002599ED /* SFJAlert.storyboard */,
				814CD1AD2553F00100A06526 /* Main.storyboard */,
				814CD1B02553F00300A06526 /* Assets.xcassets */,
				814CD1B22553F00300A06526 /* LaunchScreen.storyboard */,
				814CD1B52553F00300A06526 /* Info.plist */,
			);
			path = AnimatableDemo;
			sourceTree = "<group>";
		};
		814CD1BD2553F00300A06526 /* AnimatableDemoTests */ = {
			isa = PBXGroup;
			children = (
				814CD1BE2553F00300A06526 /* AnimatableDemoTests.swift */,
				814CD1C02553F00300A06526 /* Info.plist */,
			);
			path = AnimatableDemoTests;
			sourceTree = "<group>";
		};
		814CD1C82553F00300A06526 /* AnimatableDemoUITests */ = {
			isa = PBXGroup;
			children = (
				814CD1C92553F00300A06526 /* AnimatableDemoUITests.swift */,
				814CD1CB2553F00300A06526 /* Info.plist */,
			);
			path = AnimatableDemoUITests;
			sourceTree = "<group>";
		};
		C22ED3361EE302DF42D9EB8E /* Frameworks */ = {
			isa = PBXGroup;
			children = (
				C82C0D03FDE866E3928F48E8 /* Pods_AnimatableDemo.framework */,
			);
			name = Frameworks;
			sourceTree = "<group>";
		};
/* End PBXGroup section */

/* Begin PBXNativeTarget section */
		814CD1A32553F00100A06526 /* AnimatableDemo */ = {
			isa = PBXNativeTarget;
			buildConfigurationList = 814CD1CE2553F00300A06526 /* Build configuration list for PBXNativeTarget "AnimatableDemo" */;
			buildPhases = (
				EF9DC595BFD4063193A6C501 /* [CP] Check Pods Manifest.lock */,
				814CD1A02553F00100A06526 /* Sources */,
				814CD1A12553F00100A06526 /* Frameworks */,
				814CD1A22553F00100A06526 /* Resources */,
				9BA470EEC4AD81229F5B36F1 /* [CP] Embed Pods Frameworks */,
			);
			buildRules = (
			);
			dependencies = (
			);
			name = AnimatableDemo;
			productName = AnimatableDemo;
			productReference = 814CD1A42553F00100A06526 /* AnimatableDemo.app */;
			productType = "com.apple.product-type.application";
		};
		814CD1B92553F00300A06526 /* AnimatableDemoTests */ = {
			isa = PBXNativeTarget;
			buildConfigurationList = 814CD1D12553F00300A06526 /* Build configuration list for PBXNativeTarget "AnimatableDemoTests" */;
			buildPhases = (
				814CD1B62553F00300A06526 /* Sources */,
				814CD1B72553F00300A06526 /* Frameworks */,
				814CD1B82553F00300A06526 /* Resources */,
			);
			buildRules = (
			);
			dependencies = (
				814CD1BC2553F00300A06526 /* PBXTargetDependency */,
			);
			name = AnimatableDemoTests;
			productName = AnimatableDemoTests;
			productReference = 814CD1BA2553F00300A06526 /* AnimatableDemoTests.xctest */;
			productType = "com.apple.product-type.bundle.unit-test";
		};
		814CD1C42553F00300A06526 /* AnimatableDemoUITests */ = {
			isa = PBXNativeTarget;
			buildConfigurationList = 814CD1D42553F00300A06526 /* Build configuration list for PBXNativeTarget "AnimatableDemoUITests" */;
			buildPhases = (
				814CD1C12553F00300A06526 /* Sources */,
				814CD1C22553F00300A06526 /* Frameworks */,
				814CD1C32553F00300A06526 /* Resources */,
			);
			buildRules = (
			);
			dependencies = (
				814CD1C72553F00300A06526 /* PBXTargetDependency */,
			);
			name = AnimatableDemoUITests;
			productName = AnimatableDemoUITests;
			productReference = 814CD1C52553F00300A06526 /* AnimatableDemoUITests.xctest */;
			productType = "com.apple.product-type.bundle.ui-testing";
		};
/* End PBXNativeTarget section */

/* Begin PBXProject section */
		814CD19C2553F00100A06526 /* Project object */ = {
			isa = PBXProject;
			attributes = {
				LastSwiftUpdateCheck = 1200;
				LastUpgradeCheck = 1200;
				TargetAttributes = {
					814CD1A32553F00100A06526 = {
						CreatedOnToolsVersion = 12.0.1;
					};
					814CD1B92553F00300A06526 = {
						CreatedOnToolsVersion = 12.0.1;
						TestTargetID = 814CD1A32553F00100A06526;
					};
					814CD1C42553F00300A06526 = {
						CreatedOnToolsVersion = 12.0.1;
						TestTargetID = 814CD1A32553F00100A06526;
					};
				};
			};
			buildConfigurationList = 814CD19F2553F00100A06526 /* Build configuration list for PBXProject "AnimatableDemo" */;
			compatibilityVersion = "Xcode 9.3";
			developmentRegion = en;
			hasScannedForEncodings = 0;
			knownRegions = (
				en,
				Base,
			);
			mainGroup = 814CD19B2553F00100A06526;
			productRefGroup = 814CD1A52553F00100A06526 /* Products */;
			projectDirPath = "";
			projectRoot = "";
			targets = (
				814CD1A32553F00100A06526 /* AnimatableDemo */,
				814CD1B92553F00300A06526 /* AnimatableDemoTests */,
				814CD1C42553F00300A06526 /* AnimatableDemoUITests */,
			);
		};
/* End PBXProject section */

/* Begin PBXResourcesBuildPhase section */
		814CD1A22553F00100A06526 /* Resources */ = {
			isa = PBXResourcesBuildPhase;
			buildActionMask = 2147483647;
			files = (
				814CD1B42553F00300A06526 /* LaunchScreen.storyboard in Resources */,
				812B8E6425552E46002599ED /* SFJAlert.storyboard in Resources */,
				814CD1B12553F00300A06526 /* Assets.xcassets in Resources */,
				814CD1AF2553F00100A06526 /* Main.storyboard in Resources */,
			);
			runOnlyForDeploymentPostprocessing = 0;
		};
		814CD1B82553F00300A06526 /* Resources */ = {
			isa = PBXResourcesBuildPhase;
			buildActionMask = 2147483647;
			files = (
			);
			runOnlyForDeploymentPostprocessing = 0;
		};
		814CD1C32553F00300A06526 /* Resources */ = {
			isa = PBXResourcesBuildPhase;
			buildActionMask = 2147483647;
			files = (
			);
			runOnlyForDeploymentPostprocessing = 0;
		};
/* End PBXResourcesBuildPhase section */

/* Begin PBXShellScriptBuildPhase section */
		9BA470EEC4AD81229F5B36F1 /* [CP] Embed Pods Frameworks */ = {
			isa = PBXShellScriptBuildPhase;
			buildActionMask = 2147483647;
			files = (
			);
			inputFileListPaths = (
				"${PODS_ROOT}/Target Support Files/Pods-AnimatableDemo/Pods-AnimatableDemo-frameworks-${CONFIGURATION}-input-files.xcfilelist",
			);
			name = "[CP] Embed Pods Frameworks";
			outputFileListPaths = (
				"${PODS_ROOT}/Target Support Files/Pods-AnimatableDemo/Pods-AnimatableDemo-frameworks-${CONFIGURATION}-output-files.xcfilelist",
			);
			runOnlyForDeploymentPostprocessing = 0;
			shellPath = /bin/sh;
			shellScript = "\"${PODS_ROOT}/Target Support Files/Pods-AnimatableDemo/Pods-AnimatableDemo-frameworks.sh\"\n";
			showEnvVarsInLog = 0;
		};
		EF9DC595BFD4063193A6C501 /* [CP] Check Pods Manifest.lock */ = {
			isa = PBXShellScriptBuildPhase;
			buildActionMask = 2147483647;
			files = (
			);
			inputFileListPaths = (
			);
			inputPaths = (
				"${PODS_PODFILE_DIR_PATH}/Podfile.lock",
				"${PODS_ROOT}/Manifest.lock",
			);
			name = "[CP] Check Pods Manifest.lock";
			outputFileListPaths = (
			);
			outputPaths = (
				"$(DERIVED_FILE_DIR)/Pods-AnimatableDemo-checkManifestLockResult.txt",
			);
			runOnlyForDeploymentPostprocessing = 0;
			shellPath = /bin/sh;
			shellScript = "diff \"${PODS_PODFILE_DIR_PATH}/Podfile.lock\" \"${PODS_ROOT}/Manifest.lock\" > /dev/null\nif [ $? != 0 ] ; then\n    # print error to STDERR\n    echo \"error: The sandbox is not in sync with the Podfile.lock. Run 'pod install' or update your CocoaPods installation.\" >&2\n    exit 1\nfi\n# This output is used by Xcode 'outputs' to avoid re-running this script phase.\necho \"SUCCESS\" > \"${SCRIPT_OUTPUT_FILE_0}\"\n";
			showEnvVarsInLog = 0;
		};
/* End PBXShellScriptBuildPhase section */

/* Begin PBXSourcesBuildPhase section */
		814CD1A02553F00100A06526 /* Sources */ = {
			isa = PBXSourcesBuildPhase;
			buildActionMask = 2147483647;
			files = (
				814CD1AC2553F00100A06526 /* ViewController.swift in Sources */,
				814CD1A82553F00100A06526 /* AppDelegate.swift in Sources */,
				814CD1AA2553F00100A06526 /* SceneDelegate.swift in Sources */,
				814CD1F62553F23400A06526 /* SFJAlertController.swift in Sources */,
			);
			runOnlyForDeploymentPostprocessing = 0;
		};
		814CD1B62553F00300A06526 /* Sources */ = {
			isa = PBXSourcesBuildPhase;
			buildActionMask = 2147483647;
			files = (
				814CD1BF2553F00300A06526 /* AnimatableDemoTests.swift in Sources */,
			);
			runOnlyForDeploymentPostprocessing = 0;
		};
		814CD1C12553F00300A06526 /* Sources */ = {
			isa = PBXSourcesBuildPhase;
			buildActionMask = 2147483647;
			files = (
				814CD1CA2553F00300A06526 /* AnimatableDemoUITests.swift in Sources */,
			);
			runOnlyForDeploymentPostprocessing = 0;
		};
/* End PBXSourcesBuildPhase section */

/* Begin PBXTargetDependency section */
		814CD1BC2553F00300A06526 /* PBXTargetDependency */ = {
			isa = PBXTargetDependency;
			target = 814CD1A32553F00100A06526 /* AnimatableDemo */;
			targetProxy = 814CD1BB2553F00300A06526 /* PBXContainerItemProxy */;
		};
		814CD1C72553F00300A06526 /* PBXTargetDependency */ = {
			isa = PBXTargetDependency;
			target = 814CD1A32553F00100A06526 /* AnimatableDemo */;
			targetProxy = 814CD1C62553F00300A06526 /* PBXContainerItemProxy */;
		};
/* End PBXTargetDependency section */

/* Begin PBXVariantGroup section */
		814CD1AD2553F00100A06526 /* Main.storyboard */ = {
			isa = PBXVariantGroup;
			children = (
				814CD1AE2553F00100A06526 /* Base */,
			);
			name = Main.storyboard;
			sourceTree = "<group>";
		};
		814CD1B22553F00300A06526 /* LaunchScreen.storyboard */ = {
			isa = PBXVariantGroup;
			children = (
				814CD1B32553F00300A06526 /* Base */,
			);
			name = LaunchScreen.storyboard;
			sourceTree = "<group>";
		};
/* End PBXVariantGroup section */

/* Begin XCBuildConfiguration section */
		814CD1CC2553F00300A06526 /* Debug */ = {
			isa = XCBuildConfiguration;
			buildSettings = {
				ALWAYS_SEARCH_USER_PATHS = NO;
				CLANG_ANALYZER_NONNULL = YES;
				CLANG_ANALYZER_NUMBER_OBJECT_CONVERSION = YES_AGGRESSIVE;
				CLANG_CXX_LANGUAGE_STANDARD = "gnu++14";
				CLANG_CXX_LIBRARY = "libc++";
				CLANG_ENABLE_MODULES = YES;
				CLANG_ENABLE_OBJC_ARC = YES;
				CLANG_ENABLE_OBJC_WEAK = YES;
				CLANG_WARN_BLOCK_CAPTURE_AUTORELEASING = YES;
				CLANG_WARN_BOOL_CONVERSION = YES;
				CLANG_WARN_COMMA = YES;
				CLANG_WARN_CONSTANT_CONVERSION = YES;
				CLANG_WARN_DEPRECATED_OBJC_IMPLEMENTATIONS = YES;
				CLANG_WARN_DIRECT_OBJC_ISA_USAGE = YES_ERROR;
				CLANG_WARN_DOCUMENTATION_COMMENTS = YES;
				CLANG_WARN_EMPTY_BODY = YES;
				CLANG_WARN_ENUM_CONVERSION = YES;
				CLANG_WARN_INFINITE_RECURSION = YES;
				CLANG_WARN_INT_CONVERSION = YES;
				CLANG_WARN_NON_LITERAL_NULL_CONVERSION = YES;
				CLANG_WARN_OBJC_IMPLICIT_RETAIN_SELF = YES;
				CLANG_WARN_OBJC_LITERAL_CONVERSION = YES;
				CLANG_WARN_OBJC_ROOT_CLASS = YES_ERROR;
				CLANG_WARN_QUOTED_INCLUDE_IN_FRAMEWORK_HEADER = YES;
				CLANG_WARN_RANGE_LOOP_ANALYSIS = YES;
				CLANG_WARN_STRICT_PROTOTYPES = YES;
				CLANG_WARN_SUSPICIOUS_MOVE = YES;
				CLANG_WARN_UNGUARDED_AVAILABILITY = YES_AGGRESSIVE;
				CLANG_WARN_UNREACHABLE_CODE = YES;
				CLANG_WARN__DUPLICATE_METHOD_MATCH = YES;
				COPY_PHASE_STRIP = NO;
				DEBUG_INFORMATION_FORMAT = dwarf;
				ENABLE_STRICT_OBJC_MSGSEND = YES;
				ENABLE_TESTABILITY = YES;
				GCC_C_LANGUAGE_STANDARD = gnu11;
				GCC_DYNAMIC_NO_PIC = NO;
				GCC_NO_COMMON_BLOCKS = YES;
				GCC_OPTIMIZATION_LEVEL = 0;
				GCC_PREPROCESSOR_DEFINITIONS = (
					"DEBUG=1",
					"$(inherited)",
				);
				GCC_WARN_64_TO_32_BIT_CONVERSION = YES;
				GCC_WARN_ABOUT_RETURN_TYPE = YES_ERROR;
				GCC_WARN_UNDECLARED_SELECTOR = YES;
				GCC_WARN_UNINITIALIZED_AUTOS = YES_AGGRESSIVE;
				GCC_WARN_UNUSED_FUNCTION = YES;
				GCC_WARN_UNUSED_VARIABLE = YES;
				IPHONEOS_DEPLOYMENT_TARGET = 14.0;
				MTL_ENABLE_DEBUG_INFO = INCLUDE_SOURCE;
				MTL_FAST_MATH = YES;
				ONLY_ACTIVE_ARCH = YES;
				SDKROOT = iphoneos;
				SWIFT_ACTIVE_COMPILATION_CONDITIONS = DEBUG;
				SWIFT_OPTIMIZATION_LEVEL = "-Onone";
			};
			name = Debug;
		};
		814CD1CD2553F00300A06526 /* Release */ = {
			isa = XCBuildConfiguration;
			buildSettings = {
				ALWAYS_SEARCH_USER_PATHS = NO;
				CLANG_ANALYZER_NONNULL = YES;
				CLANG_ANALYZER_NUMBER_OBJECT_CONVERSION = YES_AGGRESSIVE;
				CLANG_CXX_LANGUAGE_STANDARD = "gnu++14";
				CLANG_CXX_LIBRARY = "libc++";
				CLANG_ENABLE_MODULES = YES;
				CLANG_ENABLE_OBJC_ARC = YES;
				CLANG_ENABLE_OBJC_WEAK = YES;
				CLANG_WARN_BLOCK_CAPTURE_AUTORELEASING = YES;
				CLANG_WARN_BOOL_CONVERSION = YES;
				CLANG_WARN_COMMA = YES;
				CLANG_WARN_CONSTANT_CONVERSION = YES;
				CLANG_WARN_DEPRECATED_OBJC_IMPLEMENTATIONS = YES;
				CLANG_WARN_DIRECT_OBJC_ISA_USAGE = YES_ERROR;
				CLANG_WARN_DOCUMENTATION_COMMENTS = YES;
				CLANG_WARN_EMPTY_BODY = YES;
				CLANG_WARN_ENUM_CONVERSION = YES;
				CLANG_WARN_INFINITE_RECURSION = YES;
				CLANG_WARN_INT_CONVERSION = YES;
				CLANG_WARN_NON_LITERAL_NULL_CONVERSION = YES;
				CLANG_WARN_OBJC_IMPLICIT_RETAIN_SELF = YES;
				CLANG_WARN_OBJC_LITERAL_CONVERSION = YES;
				CLANG_WARN_OBJC_ROOT_CLASS = YES_ERROR;
				CLANG_WARN_QUOTED_INCLUDE_IN_FRAMEWORK_HEADER = YES;
				CLANG_WARN_RANGE_LOOP_ANALYSIS = YES;
				CLANG_WARN_STRICT_PROTOTYPES = YES;
				CLANG_WARN_SUSPICIOUS_MOVE = YES;
				CLANG_WARN_UNGUARDED_AVAILABILITY = YES_AGGRESSIVE;
				CLANG_WARN_UNREACHABLE_CODE = YES;
				CLANG_WARN__DUPLICATE_METHOD_MATCH = YES;
				COPY_PHASE_STRIP = NO;
				DEBUG_INFORMATION_FORMAT = "dwarf-with-dsym";
				ENABLE_NS_ASSERTIONS = NO;
				ENABLE_STRICT_OBJC_MSGSEND = YES;
				GCC_C_LANGUAGE_STANDARD = gnu11;
				GCC_NO_COMMON_BLOCKS = YES;
				GCC_WARN_64_TO_32_BIT_CONVERSION = YES;
				GCC_WARN_ABOUT_RETURN_TYPE = YES_ERROR;
				GCC_WARN_UNDECLARED_SELECTOR = YES;
				GCC_WARN_UNINITIALIZED_AUTOS = YES_AGGRESSIVE;
				GCC_WARN_UNUSED_FUNCTION = YES;
				GCC_WARN_UNUSED_VARIABLE = YES;
				IPHONEOS_DEPLOYMENT_TARGET = 14.0;
				MTL_ENABLE_DEBUG_INFO = NO;
				MTL_FAST_MATH = YES;
				SDKROOT = iphoneos;
				SWIFT_COMPILATION_MODE = wholemodule;
				SWIFT_OPTIMIZATION_LEVEL = "-O";
				VALIDATE_PRODUCT = YES;
			};
			name = Release;
		};
		814CD1CF2553F00300A06526 /* Debug */ = {
			isa = XCBuildConfiguration;
			baseConfigurationReference = B86D91B5D167701F5AA54985 /* Pods-AnimatableDemo.debug.xcconfig */;
			buildSettings = {
				ASSETCATALOG_COMPILER_APPICON_NAME = AppIcon;
				ASSETCATALOG_COMPILER_GLOBAL_ACCENT_COLOR_NAME = AccentColor;
				CODE_SIGN_STYLE = Automatic;
				DEVELOPMENT_TEAM = C67ZA79SMN;
				INFOPLIST_FILE = AnimatableDemo/Info.plist;
				IPHONEOS_DEPLOYMENT_TARGET = 13.0;
				LD_RUNPATH_SEARCH_PATHS = (
					"$(inherited)",
					"@executable_path/Frameworks",
				);
				PRODUCT_BUNDLE_IDENTIFIER = com.shafujiu.AnimatableDemo;
				PRODUCT_NAME = "$(TARGET_NAME)";
				SWIFT_VERSION = 5.0;
				TARGETED_DEVICE_FAMILY = "1,2";
			};
			name = Debug;
		};
		814CD1D02553F00300A06526 /* Release */ = {
			isa = XCBuildConfiguration;
			baseConfigurationReference = 430EECEEAA56C7EB7AE9591B /* Pods-AnimatableDemo.release.xcconfig */;
			buildSettings = {
				ASSETCATALOG_COMPILER_APPICON_NAME = AppIcon;
				ASSETCATALOG_COMPILER_GLOBAL_ACCENT_COLOR_NAME = AccentColor;
				CODE_SIGN_STYLE = Automatic;
				DEVELOPMENT_TEAM = C67ZA79SMN;
				INFOPLIST_FILE = AnimatableDemo/Info.plist;
				IPHONEOS_DEPLOYMENT_TARGET = 13.0;
				LD_RUNPATH_SEARCH_PATHS = (
					"$(inherited)",
					"@executable_path/Frameworks",
				);
				PRODUCT_BUNDLE_IDENTIFIER = com.shafujiu.AnimatableDemo;
				PRODUCT_NAME = "$(TARGET_NAME)";
				SWIFT_VERSION = 5.0;
				TARGETED_DEVICE_FAMILY = "1,2";
			};
			name = Release;
		};
		814CD1D22553F00300A06526 /* Debug */ = {
			isa = XCBuildConfiguration;
			buildSettings = {
				ALWAYS_EMBED_SWIFT_STANDARD_LIBRARIES = YES;
				BUNDLE_LOADER = "$(TEST_HOST)";
				CODE_SIGN_STYLE = Automatic;
				DEVELOPMENT_TEAM = C67ZA79SMN;
				INFOPLIST_FILE = AnimatableDemoTests/Info.plist;
				IPHONEOS_DEPLOYMENT_TARGET = 14.0;
				LD_RUNPATH_SEARCH_PATHS = (
					"$(inherited)",
					"@executable_path/Frameworks",
					"@loader_path/Frameworks",
				);
				PRODUCT_BUNDLE_IDENTIFIER = com.shafujiu.AnimatableDemoTests;
				PRODUCT_NAME = "$(TARGET_NAME)";
				SWIFT_VERSION = 5.0;
				TARGETED_DEVICE_FAMILY = "1,2";
				TEST_HOST = "$(BUILT_PRODUCTS_DIR)/AnimatableDemo.app/AnimatableDemo";
			};
			name = Debug;
		};
		814CD1D32553F00300A06526 /* Release */ = {
			isa = XCBuildConfiguration;
			buildSettings = {
				ALWAYS_EMBED_SWIFT_STANDARD_LIBRARIES = YES;
				BUNDLE_LOADER = "$(TEST_HOST)";
				CODE_SIGN_STYLE = Automatic;
				DEVELOPMENT_TEAM = C67ZA79SMN;
				INFOPLIST_FILE = AnimatableDemoTests/Info.plist;
				IPHONEOS_DEPLOYMENT_TARGET = 14.0;
				LD_RUNPATH_SEARCH_PATHS = (
					"$(inherited)",
					"@executable_path/Frameworks",
					"@loader_path/Frameworks",
				);
				PRODUCT_BUNDLE_IDENTIFIER = com.shafujiu.AnimatableDemoTests;
				PRODUCT_NAME = "$(TARGET_NAME)";
				SWIFT_VERSION = 5.0;
				TARGETED_DEVICE_FAMILY = "1,2";
				TEST_HOST = "$(BUILT_PRODUCTS_DIR)/AnimatableDemo.app/AnimatableDemo";
			};
			name = Release;
		};
		814CD1D52553F00300A06526 /* Debug */ = {
			isa = XCBuildConfiguration;
			buildSettings = {
				ALWAYS_EMBED_SWIFT_STANDARD_LIBRARIES = YES;
				CODE_SIGN_STYLE = Automatic;
				DEVELOPMENT_TEAM = C67ZA79SMN;
				INFOPLIST_FILE = AnimatableDemoUITests/Info.plist;
				LD_RUNPATH_SEARCH_PATHS = (
					"$(inherited)",
					"@executable_path/Frameworks",
					"@loader_path/Frameworks",
				);
				PRODUCT_BUNDLE_IDENTIFIER = com.shafujiu.AnimatableDemoUITests;
				PRODUCT_NAME = "$(TARGET_NAME)";
				SWIFT_VERSION = 5.0;
				TARGETED_DEVICE_FAMILY = "1,2";
				TEST_TARGET_NAME = AnimatableDemo;
			};
			name = Debug;
		};
		814CD1D62553F00300A06526 /* Release */ = {
			isa = XCBuildConfiguration;
			buildSettings = {
				ALWAYS_EMBED_SWIFT_STANDARD_LIBRARIES = YES;
				CODE_SIGN_STYLE = Automatic;
				DEVELOPMENT_TEAM = C67ZA79SMN;
				INFOPLIST_FILE = AnimatableDemoUITests/Info.plist;
				LD_RUNPATH_SEARCH_PATHS = (
					"$(inherited)",
					"@executable_path/Frameworks",
					"@loader_path/Frameworks",
				);
				PRODUCT_BUNDLE_IDENTIFIER = com.shafujiu.AnimatableDemoUITests;
				PRODUCT_NAME = "$(TARGET_NAME)";
				SWIFT_VERSION = 5.0;
				TARGETED_DEVICE_FAMILY = "1,2";
				TEST_TARGET_NAME = AnimatableDemo;
			};
			name = Release;
		};
/* End XCBuildConfiguration section */

/* Begin XCConfigurationList section */
		814CD19F2553F00100A06526 /* Build configuration list for PBXProject "AnimatableDemo" */ = {
			isa = XCConfigurationList;
			buildConfigurations = (
				814CD1CC2553F00300A06526 /* Debug */,
				814CD1CD2553F00300A06526 /* Release */,
			);
			defaultConfigurationIsVisible = 0;
			defaultConfigurationName = Release;
		};
		814CD1CE2553F00300A06526 /* Build configuration list for PBXNativeTarget "AnimatableDemo" */ = {
			isa = XCConfigurationList;
			buildConfigurations = (
				814CD1CF2553F00300A06526 /* Debug */,
				814CD1D02553F00300A06526 /* Release */,
			);
			defaultConfigurationIsVisible = 0;
			defaultConfigurationName = Release;
		};
		814CD1D12553F00300A06526 /* Build configuration list for PBXNativeTarget "AnimatableDemoTests" */ = {
			isa = XCConfigurationList;
			buildConfigurations = (
				814CD1D22553F00300A06526 /* Debug */,
				814CD1D32553F00300A06526 /* Release */,
			);
			defaultConfigurationIsVisible = 0;
			defaultConfigurationName = Release;
		};
		814CD1D42553F00300A06526 /* Build configuration list for PBXNativeTarget "AnimatableDemoUITests" */ = {
			isa = XCConfigurationList;
			buildConfigurations = (
				814CD1D52553F00300A06526 /* Debug */,
				814CD1D62553F00300A06526 /* Release */,
			);
			defaultConfigurationIsVisible = 0;
			defaultConfigurationName = Release;
		};
/* End XCConfigurationList section */
	};
	rootObject = 814CD19C2553F00100A06526 /* Project object */;
}
